// !$*UTF8*$!
{
	archiveVersion = 1;
	classes = {
	};
	objectVersion = 46;
	objects = {

/* Begin PBXBuildFile section */
		7CDC25171BBEFFE4003461A8 /* main.m in Sources */ = {isa = PBXBuildFile; fileRef = 7CDC25161BBEFFE4003461A8 /* main.m */; };
		7CDC251A1BBEFFE4003461A8 /* AppDelegate.m in Sources */ = {isa = PBXBuildFile; fileRef = 7CDC25191BBEFFE4003461A8 /* AppDelegate.m */; };
		7CDC251D1BBEFFE4003461A8 /* ViewController.m in Sources */ = {isa = PBXBuildFile; fileRef = 7CDC251C1BBEFFE4003461A8 /* ViewController.m */; };
		7CDC25201BBEFFE4003461A8 /* Main.storyboard in Resources */ = {isa = PBXBuildFile; fileRef = 7CDC251E1BBEFFE4003461A8 /* Main.storyboard */; };
		7CDC25221BBEFFE5003461A8 /* Assets.xcassets in Resources */ = {isa = PBXBuildFile; fileRef = 7CDC25211BBEFFE5003461A8 /* Assets.xcassets */; };
		7CDC25251BBEFFE5003461A8 /* LaunchScreen.storyboard in Resources */ = {isa = PBXBuildFile; fileRef = 7CDC25231BBEFFE5003461A8 /* LaunchScreen.storyboard */; };
		7CDC252F1BBF1B88003461A8 /* ChatViewController.m in Sources */ = {isa = PBXBuildFile; fileRef = 7CDC252E1BBF1B88003461A8 /* ChatViewController.m */; settings = {ASSET_TAGS = (); }; };
		7CDC25341BBF21DD003461A8 /* ChatCell.m in Sources */ = {isa = PBXBuildFile; fileRef = 7CDC25321BBF21DD003461A8 /* ChatCell.m */; settings = {ASSET_TAGS = (); }; };
		7CDC25351BBF21DD003461A8 /* ChatCell.xib in Resources */ = {isa = PBXBuildFile; fileRef = 7CDC25331BBF21DD003461A8 /* ChatCell.xib */; settings = {ASSET_TAGS = (); }; };
		7CDC253B1BBF2A55003461A8 /* Bolts.framework in Frameworks */ = {isa = PBXBuildFile; fileRef = 7CDC25391BBF2A55003461A8 /* Bolts.framework */; settings = {ASSET_TAGS = (); }; };
		7CDC253C1BBF2A55003461A8 /* Parse.framework in Frameworks */ = {isa = PBXBuildFile; fileRef = 7CDC253A1BBF2A55003461A8 /* Parse.framework */; settings = {ASSET_TAGS = (); }; };
		7CDC253E1BBF2A89003461A8 /* AudioToolbox.framework in Frameworks */ = {isa = PBXBuildFile; fileRef = 7CDC253D1BBF2A89003461A8 /* AudioToolbox.framework */; };
		7CDC25401BBF2A8F003461A8 /* CFNetwork.framework in Frameworks */ = {isa = PBXBuildFile; fileRef = 7CDC253F1BBF2A8F003461A8 /* CFNetwork.framework */; };
		7CDC25421BBF2A98003461A8 /* CoreGraphics.framework in Frameworks */ = {isa = PBXBuildFile; fileRef = 7CDC25411BBF2A98003461A8 /* CoreGraphics.framework */; };
		7CDC25441BBF2A9E003461A8 /* CoreLocation.framework in Frameworks */ = {isa = PBXBuildFile; fileRef = 7CDC25431BBF2A9E003461A8 /* CoreLocation.framework */; };
		7CDC25461BBF2AA7003461A8 /* QuartzCore.framework in Frameworks */ = {isa = PBXBuildFile; fileRef = 7CDC25451BBF2AA7003461A8 /* QuartzCore.framework */; };
		7CDC25481BBF2AAC003461A8 /* Security.framework in Frameworks */ = {isa = PBXBuildFile; fileRef = 7CDC25471BBF2AAC003461A8 /* Security.framework */; };
		7CDC254A1BBF2AB2003461A8 /* StoreKit.framework in Frameworks */ = {isa = PBXBuildFile; fileRef = 7CDC25491BBF2AB2003461A8 /* StoreKit.framework */; };
		7CDC254C1BBF2ABB003461A8 /* SystemConfiguration.framework in Frameworks */ = {isa = PBXBuildFile; fileRef = 7CDC254B1BBF2ABB003461A8 /* SystemConfiguration.framework */; };
		7CDC254E1BBF2AE5003461A8 /* libsqlite3.tbd in Frameworks */ = {isa = PBXBuildFile; fileRef = 7CDC254D1BBF2AE5003461A8 /* libsqlite3.tbd */; };
		7CDC25501BBF2AF0003461A8 /* libz.tbd in Frameworks */ = {isa = PBXBuildFile; fileRef = 7CDC254F1BBF2AF0003461A8 /* libz.tbd */; };
		7CDC25551BBF91EA003461A8 /* ChatObject.m in Sources */ = {isa = PBXBuildFile; fileRef = 7CDC25541BBF91EA003461A8 /* ChatObject.m */; settings = {ASSET_TAGS = (); }; };
		7CDC25591BC05887003461A8 /* NetworkManager.m in Sources */ = {isa = PBXBuildFile; fileRef = 7CDC25581BC05887003461A8 /* NetworkManager.m */; settings = {ASSET_TAGS = (); }; };
/* End PBXBuildFile section */

/* Begin PBXFileReference section */
		7CDC25121BBEFFE3003461A8 /* RealIM.app */ = {isa = PBXFileReference; explicitFileType = wrapper.application; includeInIndex = 0; path = RealIM.app; sourceTree = BUILT_PRODUCTS_DIR; };
		7CDC25161BBEFFE4003461A8 /* main.m */ = {isa = PBXFileReference; lastKnownFileType = sourcecode.c.objc; path = main.m; sourceTree = "<group>"; };
		7CDC25181BBEFFE4003461A8 /* AppDelegate.h */ = {isa = PBXFileReference; lastKnownFileType = sourcecode.c.h; path = AppDelegate.h; sourceTree = "<group>"; };
		7CDC25191BBEFFE4003461A8 /* AppDelegate.m */ = {isa = PBXFileReference; lastKnownFileType = sourcecode.c.objc; path = AppDelegate.m; sourceTree = "<group>"; };
		7CDC251B1BBEFFE4003461A8 /* ViewController.h */ = {isa = PBXFileReference; lastKnownFileType = sourcecode.c.h; path = ViewController.h; sourceTree = "<group>"; };
		7CDC251C1BBEFFE4003461A8 /* ViewController.m */ = {isa = PBXFileReference; lastKnownFileType = sourcecode.c.objc; path = ViewController.m; sourceTree = "<group>"; };
		7CDC251F1BBEFFE4003461A8 /* Base */ = {isa = PBXFileReference; lastKnownFileType = file.storyboard; name = Base; path = Base.lproj/Main.storyboard; sourceTree = "<group>"; };
		7CDC25211BBEFFE5003461A8 /* Assets.xcassets */ = {isa = PBXFileReference; lastKnownFileType = folder.assetcatalog; path = Assets.xcassets; sourceTree = "<group>"; };
		7CDC25241BBEFFE5003461A8 /* Base */ = {isa = PBXFileReference; lastKnownFileType = file.storyboard; name = Base; path = Base.lproj/LaunchScreen.storyboard; sourceTree = "<group>"; };
		7CDC25261BBEFFE5003461A8 /* Info.plist */ = {isa = PBXFileReference; lastKnownFileType = text.plist.xml; path = Info.plist; sourceTree = "<group>"; };
		7CDC252D1BBF1B88003461A8 /* ChatViewController.h */ = {isa = PBXFileReference; fileEncoding = 4; lastKnownFileType = sourcecode.c.h; path = ChatViewController.h; sourceTree = "<group>"; };
		7CDC252E1BBF1B88003461A8 /* ChatViewController.m */ = {isa = PBXFileReference; fileEncoding = 4; lastKnownFileType = sourcecode.c.objc; path = ChatViewController.m; sourceTree = "<group>"; };
		7CDC25311BBF21DD003461A8 /* ChatCell.h */ = {isa = PBXFileReference; fileEncoding = 4; lastKnownFileType = sourcecode.c.h; path = ChatCell.h; sourceTree = "<group>"; };
		7CDC25321BBF21DD003461A8 /* ChatCell.m */ = {isa = PBXFileReference; fileEncoding = 4; lastKnownFileType = sourcecode.c.objc; path = ChatCell.m; sourceTree = "<group>"; };
		7CDC25331BBF21DD003461A8 /* ChatCell.xib */ = {isa = PBXFileReference; fileEncoding = 4; lastKnownFileType = file.xib; path = ChatCell.xib; sourceTree = "<group>"; };
		7CDC25391BBF2A55003461A8 /* Bolts.framework */ = {isa = PBXFileReference; lastKnownFileType = wrapper.framework; path = Bolts.framework; sourceTree = "<group>"; };
		7CDC253A1BBF2A55003461A8 /* Parse.framework */ = {isa = PBXFileReference; lastKnownFileType = wrapper.framework; path = Parse.framework; sourceTree = "<group>"; };
		7CDC253D1BBF2A89003461A8 /* AudioToolbox.framework */ = {isa = PBXFileReference; lastKnownFileType = wrapper.framework; name = AudioToolbox.framework; path = System/Library/Frameworks/AudioToolbox.framework; sourceTree = SDKROOT; };
		7CDC253F1BBF2A8F003461A8 /* CFNetwork.framework */ = {isa = PBXFileReference; lastKnownFileType = wrapper.framework; name = CFNetwork.framework; path = System/Library/Frameworks/CFNetwork.framework; sourceTree = SDKROOT; };
		7CDC25411BBF2A98003461A8 /* CoreGraphics.framework */ = {isa = PBXFileReference; lastKnownFileType = wrapper.framework; name = CoreGraphics.framework; path = System/Library/Frameworks/CoreGraphics.framework; sourceTree = SDKROOT; };
		7CDC25431BBF2A9E003461A8 /* CoreLocation.framework */ = {isa = PBXFileReference; lastKnownFileType = wrapper.framework; name = CoreLocation.framework; path = System/Library/Frameworks/CoreLocation.framework; sourceTree = SDKROOT; };
		7CDC25451BBF2AA7003461A8 /* QuartzCore.framework */ = {isa = PBXFileReference; lastKnownFileType = wrapper.framework; name = QuartzCore.framework; path = System/Library/Frameworks/QuartzCore.framework; sourceTree = SDKROOT; };
		7CDC25471BBF2AAC003461A8 /* Security.framework */ = {isa = PBXFileReference; lastKnownFileType = wrapper.framework; name = Security.framework; path = System/Library/Frameworks/Security.framework; sourceTree = SDKROOT; };
		7CDC25491BBF2AB2003461A8 /* StoreKit.framework */ = {isa = PBXFileReference; lastKnownFileType = wrapper.framework; name = StoreKit.framework; path = System/Library/Frameworks/StoreKit.framework; sourceTree = SDKROOT; };
		7CDC254B1BBF2ABB003461A8 /* SystemConfiguration.framework */ = {isa = PBXFileReference; lastKnownFileType = wrapper.framework; name = SystemConfiguration.framework; path = System/Library/Frameworks/SystemConfiguration.framework; sourceTree = SDKROOT; };
		7CDC254D1BBF2AE5003461A8 /* libsqlite3.tbd */ = {isa = PBXFileReference; lastKnownFileType = "sourcecode.text-based-dylib-definition"; name = libsqlite3.tbd; path = usr/lib/libsqlite3.tbd; sourceTree = SDKROOT; };
		7CDC254F1BBF2AF0003461A8 /* libz.tbd */ = {isa = PBXFileReference; lastKnownFileType = "sourcecode.text-based-dylib-definition"; name = libz.tbd; path = usr/lib/libz.tbd; sourceTree = SDKROOT; };
		7CDC25511BBF2B86003461A8 /* Constants.h */ = {isa = PBXFileReference; fileEncoding = 4; lastKnownFileType = sourcecode.c.h; path = Constants.h; sourceTree = "<group>"; };
		7CDC25531BBF91EA003461A8 /* ChatObject.h */ = {isa = PBXFileReference; fileEncoding = 4; lastKnownFileType = sourcecode.c.h; path = ChatObject.h; sourceTree = "<group>"; };
		7CDC25541BBF91EA003461A8 /* ChatObject.m */ = {isa = PBXFileReference; fileEncoding = 4; lastKnownFileType = sourcecode.c.objc; path = ChatObject.m; sourceTree = "<group>"; };
		7CDC25571BC05887003461A8 /* NetworkManager.h */ = {isa = PBXFileReference; fileEncoding = 4; lastKnownFileType = sourcecode.c.h; path = NetworkManager.h; sourceTree = "<group>"; };
		7CDC25581BC05887003461A8 /* NetworkManager.m */ = {isa = PBXFileReference; fileEncoding = 4; lastKnownFileType = sourcecode.c.objc; path = NetworkManager.m; sourceTree = "<group>"; };
/* End PBXFileReference section */

/* Begin PBXFrameworksBuildPhase section */
		7CDC250F1BBEFFE2003461A8 /* Frameworks */ = {
			isa = PBXFrameworksBuildPhase;
			buildActionMask = 2147483647;
			files = (
				7CDC25501BBF2AF0003461A8 /* libz.tbd in Frameworks */,
				7CDC254E1BBF2AE5003461A8 /* libsqlite3.tbd in Frameworks */,
				7CDC254C1BBF2ABB003461A8 /* SystemConfiguration.framework in Frameworks */,
				7CDC254A1BBF2AB2003461A8 /* StoreKit.framework in Frameworks */,
				7CDC25481BBF2AAC003461A8 /* Security.framework in Frameworks */,
				7CDC25461BBF2AA7003461A8 /* QuartzCore.framework in Frameworks */,
				7CDC25441BBF2A9E003461A8 /* CoreLocation.framework in Frameworks */,
				7CDC25421BBF2A98003461A8 /* CoreGraphics.framework in Frameworks */,
				7CDC25401BBF2A8F003461A8 /* CFNetwork.framework in Frameworks */,
				7CDC253E1BBF2A89003461A8 /* AudioToolbox.framework in Frameworks */,
				7CDC253C1BBF2A55003461A8 /* Parse.framework in Frameworks */,
				7CDC253B1BBF2A55003461A8 /* Bolts.framework in Frameworks */,
			);
			runOnlyForDeploymentPostprocessing = 0;
		};
/* End PBXFrameworksBuildPhase section */

/* Begin PBXGroup section */
		7CDC25091BBEFFE2003461A8 = {
			isa = PBXGroup;
			children = (
				7CDC25141BBEFFE3003461A8 /* RealIM */,
				7CDC25131BBEFFE3003461A8 /* Products */,
			);
			sourceTree = "<group>";
		};
		7CDC25131BBEFFE3003461A8 /* Products */ = {
			isa = PBXGroup;
			children = (
				7CDC25121BBEFFE3003461A8 /* RealIM.app */,
			);
			name = Products;
			sourceTree = "<group>";
		};
		7CDC25141BBEFFE3003461A8 /* RealIM */ = {
			isa = PBXGroup;
			children = (
				7CDC25561BC05865003461A8 /* Utility */,
				7CDC25521BBF91CE003461A8 /* ChatObject */,
				7CDC25381BBF2A1B003461A8 /* Frameworks */,
				7CDC25301BBF21A1003461A8 /* ChatCell */,
				7CDC252C1BBF1B59003461A8 /* ChatController */,
				7CDC25181BBEFFE4003461A8 /* AppDelegate.h */,
				7CDC25191BBEFFE4003461A8 /* AppDelegate.m */,
				7CDC251B1BBEFFE4003461A8 /* ViewController.h */,
				7CDC251C1BBEFFE4003461A8 /* ViewController.m */,
				7CDC251E1BBEFFE4003461A8 /* Main.storyboard */,
				7CDC25211BBEFFE5003461A8 /* Assets.xcassets */,
				7CDC25231BBEFFE5003461A8 /* LaunchScreen.storyboard */,
				7CDC25261BBEFFE5003461A8 /* Info.plist */,
				7CDC25151BBEFFE4003461A8 /* Supporting Files */,
				7CDC25511BBF2B86003461A8 /* Constants.h */,
			);
			path = RealIM;
			sourceTree = "<group>";
		};
		7CDC25151BBEFFE4003461A8 /* Supporting Files */ = {
			isa = PBXGroup;
			children = (
				7CDC25161BBEFFE4003461A8 /* main.m */,
			);
			name = "Supporting Files";
			sourceTree = "<group>";
		};
		7CDC252C1BBF1B59003461A8 /* ChatController */ = {
			isa = PBXGroup;
			children = (
				7CDC252D1BBF1B88003461A8 /* ChatViewController.h */,
				7CDC252E1BBF1B88003461A8 /* ChatViewController.m */,
			);
			name = ChatController;
			sourceTree = "<group>";
		};
		7CDC25301BBF21A1003461A8 /* ChatCell */ = {
			isa = PBXGroup;
			children = (
				7CDC25311BBF21DD003461A8 /* ChatCell.h */,
				7CDC25321BBF21DD003461A8 /* ChatCell.m */,
				7CDC25331BBF21DD003461A8 /* ChatCell.xib */,
			);
			name = ChatCell;
			sourceTree = "<group>";
		};
		7CDC25381BBF2A1B003461A8 /* Frameworks */ = {
			isa = PBXGroup;
			children = (
				7CDC254F1BBF2AF0003461A8 /* libz.tbd */,
				7CDC254D1BBF2AE5003461A8 /* libsqlite3.tbd */,
				7CDC254B1BBF2ABB003461A8 /* SystemConfiguration.framework */,
				7CDC25491BBF2AB2003461A8 /* StoreKit.framework */,
				7CDC25471BBF2AAC003461A8 /* Security.framework */,
				7CDC25451BBF2AA7003461A8 /* QuartzCore.framework */,
				7CDC25431BBF2A9E003461A8 /* CoreLocation.framework */,
				7CDC25411BBF2A98003461A8 /* CoreGraphics.framework */,
				7CDC253F1BBF2A8F003461A8 /* CFNetwork.framework */,
				7CDC253D1BBF2A89003461A8 /* AudioToolbox.framework */,
				7CDC25391BBF2A55003461A8 /* Bolts.framework */,
				7CDC253A1BBF2A55003461A8 /* Parse.framework */,
			);
			name = Frameworks;
			path = ..;
			sourceTree = "<group>";
		};
		7CDC25521BBF91CE003461A8 /* ChatObject */ = {
			isa = PBXGroup;
			children = (
				7CDC25531BBF91EA003461A8 /* ChatObject.h */,
				7CDC25541BBF91EA003461A8 /* ChatObject.m */,
			);
			name = ChatObject;
			sourceTree = "<group>";
		};
		7CDC25561BC05865003461A8 /* Utility */ = {
			isa = PBXGroup;
			children = (
				7CDC25571BC05887003461A8 /* NetworkManager.h */,
				7CDC25581BC05887003461A8 /* NetworkManager.m */,
			);
			name = Utility;
			sourceTree = "<group>";
		};
/* End PBXGroup section */

/* Begin PBXNativeTarget section */
		7CDC25111BBEFFE2003461A8 /* RealIM */ = {
			isa = PBXNativeTarget;
			buildConfigurationList = 7CDC25291BBEFFE5003461A8 /* Build configuration list for PBXNativeTarget "RealIM" */;
			buildPhases = (
				7CDC250E1BBEFFE2003461A8 /* Sources */,
				7CDC250F1BBEFFE2003461A8 /* Frameworks */,
				7CDC25101BBEFFE2003461A8 /* Resources */,
			);
			buildRules = (
			);
			dependencies = (
			);
			name = RealIM;
			productName = RealIM;
			productReference = 7CDC25121BBEFFE3003461A8 /* RealIM.app */;
			productType = "com.apple.product-type.application";
		};
/* End PBXNativeTarget section */

/* Begin PBXProject section */
		7CDC250A1BBEFFE2003461A8 /* Project object */ = {
			isa = PBXProject;
			attributes = {
				LastUpgradeCheck = 0700;
				ORGANIZATIONNAME = "Rizwan Saleem";
				TargetAttributes = {
					7CDC25111BBEFFE2003461A8 = {
						CreatedOnToolsVersion = 7.0.1;
						DevelopmentTeam = 3GW33CRT93;
					};
				};
			};
			buildConfigurationList = 7CDC250D1BBEFFE2003461A8 /* Build configuration list for PBXProject "RealIM" */;
			compatibilityVersion = "Xcode 3.2";
			developmentRegion = English;
			hasScannedForEncodings = 0;
			knownRegions = (
				en,
				Base,
			);
			mainGroup = 7CDC25091BBEFFE2003461A8;
			productRefGroup = 7CDC25131BBEFFE3003461A8 /* Products */;
			projectDirPath = "";
			projectRoot = "";
			targets = (
				7CDC25111BBEFFE2003461A8 /* RealIM */,
			);
		};
/* End PBXProject section */

/* Begin PBXResourcesBuildPhase section */
		7CDC25101BBEFFE2003461A8 /* Resources */ = {
			isa = PBXResourcesBuildPhase;
			buildActionMask = 2147483647;
			files = (
				7CDC25251BBEFFE5003461A8 /* LaunchScreen.storyboard in Resources */,
				7CDC25351BBF21DD003461A8 /* ChatCell.xib in Resources */,
				7CDC25221BBEFFE5003461A8 /* Assets.xcassets in Resources */,
				7CDC25201BBEFFE4003461A8 /* Main.storyboard in Resources */,
			);
			runOnlyForDeploymentPostprocessing = 0;
		};
/* End PBXResourcesBuildPhase section */

/* Begin PBXSourcesBuildPhase section */
		7CDC250E1BBEFFE2003461A8 /* Sources */ = {
			isa = PBXSourcesBuildPhase;
			buildActionMask = 2147483647;
			files = (
				7CDC25551BBF91EA003461A8 /* ChatObject.m in Sources */,
				7CDC25591BC05887003461A8 /* NetworkManager.m in Sources */,
				7CDC251D1BBEFFE4003461A8 /* ViewController.m in Sources */,
				7CDC251A1BBEFFE4003461A8 /* AppDelegate.m in Sources */,
				7CDC252F1BBF1B88003461A8 /* ChatViewController.m in Sources */,
				7CDC25341BBF21DD003461A8 /* ChatCell.m in Sources */,
				7CDC25171BBEFFE4003461A8 /* main.m in Sources */,
			);
			runOnlyForDeploymentPostprocessing = 0;
		};
/* End PBXSourcesBuildPhase section */

/* Begin PBXVariantGroup section */
		7CDC251E1BBEFFE4003461A8 /* Main.storyboard */ = {
			isa = PBXVariantGroup;
			children = (
				7CDC251F1BBEFFE4003461A8 /* Base */,
			);
			name = Main.storyboard;
			sourceTree = "<group>";
		};
		7CDC25231BBEFFE5003461A8 /* LaunchScreen.storyboard */ = {
			isa = PBXVariantGroup;
			children = (
				7CDC25241BBEFFE5003461A8 /* Base */,
			);
			name = LaunchScreen.storyboard;
			sourceTree = "<group>";
		};
/* End PBXVariantGroup section */

/* Begin XCBuildConfiguration section */
		7CDC25271BBEFFE5003461A8 /* Debug */ = {
			isa = XCBuildConfiguration;
			buildSettings = {
				ALWAYS_SEARCH_USER_PATHS = NO;
				CLANG_CXX_LANGUAGE_STANDARD = "gnu++0x";
				CLANG_CXX_LIBRARY = "libc++";
				CLANG_ENABLE_MODULES = YES;
				CLANG_ENABLE_OBJC_ARC = YES;
				CLANG_WARN_BOOL_CONVERSION = YES;
				CLANG_WARN_CONSTANT_CONVERSION = YES;
				CLANG_WARN_DIRECT_OBJC_ISA_USAGE = YES_ERROR;
				CLANG_WARN_EMPTY_BODY = YES;
				CLANG_WARN_ENUM_CONVERSION = YES;
				CLANG_WARN_INT_CONVERSION = YES;
				CLANG_WARN_OBJC_ROOT_CLASS = YES_ERROR;
				CLANG_WARN_UNREACHABLE_CODE = YES;
				CLANG_WARN__DUPLICATE_METHOD_MATCH = YES;
				"CODE_SIGN_IDENTITY[sdk=iphoneos*]" = "iPhone Developer";
				COPY_PHASE_STRIP = NO;
				DEBUG_INFORMATION_FORMAT = dwarf;
				ENABLE_STRICT_OBJC_MSGSEND = YES;
				ENABLE_TESTABILITY = YES;
				GCC_C_LANGUAGE_STANDARD = gnu99;
				GCC_DYNAMIC_NO_PIC = NO;
				GCC_NO_COMMON_BLOCKS = YES;
				GCC_OPTIMIZATION_LEVEL = 0;
				GCC_PREPROCESSOR_DEFINITIONS = (
					"DEBUG=1",
					"$(inherited)",
				);
				GCC_WARN_64_TO_32_BIT_CONVERSION = YES;
				GCC_WARN_ABOUT_RETURN_TYPE = YES_ERROR;
				GCC_WARN_UNDECLARED_SELECTOR = YES;
				GCC_WARN_UNINITIALIZED_AUTOS = YES_AGGRESSIVE;
				GCC_WARN_UNUSED_FUNCTION = YES;
				GCC_WARN_UNUSED_VARIABLE = YES;
				IPHONEOS_DEPLOYMENT_TARGET = 9.0;
				MTL_ENABLE_DEBUG_INFO = YES;
				ONLY_ACTIVE_ARCH = YES;
				SDKROOT = iphoneos;
			};
			name = Debug;
		};
		7CDC25281BBEFFE5003461A8 /* Release */ = {
			isa = XCBuildConfiguration;
			buildSettings = {
				ALWAYS_SEARCH_USER_PATHS = NO;
				CLANG_CXX_LANGUAGE_STANDARD = "gnu++0x";
				CLANG_CXX_LIBRARY = "libc++";
				CLANG_ENABLE_MODULES = YES;
				CLANG_ENABLE_OBJC_ARC = YES;
				CLANG_WARN_BOOL_CONVERSION = YES;
				CLANG_WARN_CONSTANT_CONVERSION = YES;
				CLANG_WARN_DIRECT_OBJC_ISA_USAGE = YES_ERROR;
				CLANG_WARN_EMPTY_BODY = YES;
				CLANG_WARN_ENUM_CONVERSION = YES;
				CLANG_WARN_INT_CONVERSION = YES;
				CLANG_WARN_OBJC_ROOT_CLASS = YES_ERROR;
				CLANG_WARN_UNREACHABLE_CODE = YES;
				CLANG_WARN__DUPLICATE_METHOD_MATCH = YES;
				"CODE_SIGN_IDENTITY[sdk=iphoneos*]" = "iPhone Developer";
				COPY_PHASE_STRIP = NO;
				DEBUG_INFORMATION_FORMAT = "dwarf-with-dsym";
				ENABLE_NS_ASSERTIONS = NO;
				ENABLE_STRICT_OBJC_MSGSEND = YES;
				GCC_C_LANGUAGE_STANDARD = gnu99;
				GCC_NO_COMMON_BLOCKS = YES;
				GCC_WARN_64_TO_32_BIT_CONVERSION = YES;
				GCC_WARN_ABOUT_RETURN_TYPE = YES_ERROR;
				GCC_WARN_UNDECLARED_SELECTOR = YES;
				GCC_WARN_UNINITIALIZED_AUTOS = YES_AGGRESSIVE;
				GCC_WARN_UNUSED_FUNCTION = YES;
				GCC_WARN_UNUSED_VARIABLE = YES;
				IPHONEOS_DEPLOYMENT_TARGET = 9.0;
				MTL_ENABLE_DEBUG_INFO = NO;
				SDKROOT = iphoneos;
				VALIDATE_PRODUCT = YES;
			};
			name = Release;
		};
		7CDC252A1BBEFFE5003461A8 /* Debug */ = {
			isa = XCBuildConfiguration;
			buildSettings = {
				ASSETCATALOG_COMPILER_APPICON_NAME = AppIcon;
				CODE_SIGN_IDENTITY = "iPhone Developer";
				"CODE_SIGN_IDENTITY[sdk=iphoneos*]" = "iPhone Developer";
				FRAMEWORK_SEARCH_PATHS = (
					"$(inherited)",
					"$(PROJECT_DIR)",
				);
				INFOPLIST_FILE = RealIM/Info.plist;
				IPHONEOS_DEPLOYMENT_TARGET = 9.0;
				LD_RUNPATH_SEARCH_PATHS = "$(inherited) @executable_path/Frameworks";
				PRODUCT_BUNDLE_IDENTIFIER = com.riziii.RealIM;
				PRODUCT_NAME = "$(TARGET_NAME)";
				PROVISIONING_PROFILE = "c7de9790-84ad-49ea-8e32-c5eb7cff07b8";
			};
			name = Debug;
		};
		7CDC252B1BBEFFE5003461A8 /* Release */ = {
			isa = XCBuildConfiguration;
			buildSettings = {
				ASSETCATALOG_COMPILER_APPICON_NAME = AppIcon;
				CODE_SIGN_IDENTITY = "iPhone Developer";
				"CODE_SIGN_IDENTITY[sdk=iphoneos*]" = "iPhone Developer";
				FRAMEWORK_SEARCH_PATHS = (
					"$(inherited)",
					"$(PROJECT_DIR)",
				);
				INFOPLIST_FILE = RealIM/Info.plist;
				IPHONEOS_DEPLOYMENT_TARGET = 9.0;
				LD_RUNPATH_SEARCH_PATHS = "$(inherited) @executable_path/Frameworks";
				PRODUCT_BUNDLE_IDENTIFIER = com.riziii.RealIM;
				PRODUCT_NAME = "$(TARGET_NAME)";
				PROVISIONING_PROFILE = "c7de9790-84ad-49ea-8e32-c5eb7cff07b8";
			};
			name = Release;
		};
/* End XCBuildConfiguration section */

/* Begin XCConfigurationList section */
		7CDC250D1BBEFFE2003461A8 /* Build configuration list for PBXProject "RealIM" */ = {
			isa = XCConfigurationList;
			buildConfigurations = (
				7CDC25271BBEFFE5003461A8 /* Debug */,
				7CDC25281BBEFFE5003461A8 /* Release */,
			);
			defaultConfigurationIsVisible = 0;
			defaultConfigurationName = Release;
		};
		7CDC25291BBEFFE5003461A8 /* Build configuration list for PBXNativeTarget "RealIM" */ = {
			isa = XCConfigurationList;
			buildConfigurations = (
				7CDC252A1BBEFFE5003461A8 /* Debug */,
				7CDC252B1BBEFFE5003461A8 /* Release */,
			);
			defaultConfigurationIsVisible = 0;
			defaultConfigurationName = Release;
		};
/* End XCConfigurationList section */
	};
	rootObject = 7CDC250A1BBEFFE2003461A8 /* Project object */;
}
